
Microsoft Visual Studio Solution File, Format Version 12.00
# Visual Studio Version 17
VisualStudioVersion = 17.9.34616.47
MinimumVisualStudioVersion = 10.0.40219.1
Project("{9A19103F-16F7-4668-BE54-9A1E7A4F7556}") = "Lab1_SetupUnits", "Lab1_SetupUnits\Lab1_SetupUnits.csproj", "{EB208F15-9877-4F12-94FD-4E0B967A44C4}"
EndProject
Project("{9A19103F-16F7-4668-BE54-9A1E7A4F7556}") = "ICT3101_Calculator.UnitTests", "ICT3101_Calculator.UnitTests\ICT3101_Calculator.UnitTests.csproj", "{E030392A-1270-4695-906E-FC045D890DE1}"
EndProject
Project("{FAE04EC0-301F-11D3-BF4B-00C04F79EFBC}") = "SpecFlowCalculatorTests", "SpecFlowCalculatorTests\SpecFlowCalculatorTests.csproj", "{8A68B2FF-533B-4ECC-A7A9-0BE1309ACC77}"
EndProject
Global
	GlobalSection(SolutionConfigurationPlatforms) = preSolution
		Debug|Any CPU = Debug|Any CPU
		Release|Any CPU = Release|Any CPU
	EndGlobalSection
	GlobalSection(ProjectConfigurationPlatforms) = postSolution
		{EB208F15-9877-4F12-94FD-4E0B967A44C4}.Debug|Any CPU.ActiveCfg = Debug|Any CPU
		{EB208F15-9877-4F12-94FD-4E0B967A44C4}.Debug|Any CPU.Build.0 = Debug|Any CPU
		{EB208F15-9877-4F12-94FD-4E0B967A44C4}.Release|Any CPU.ActiveCfg = Release|Any CPU
		{EB208F15-9877-4F12-94FD-4E0B967A44C4}.Release|Any CPU.Build.0 = Release|Any CPU
		{E030392A-1270-4695-906E-FC045D890DE1}.Debug|Any CPU.ActiveCfg = Debug|Any CPU
		{E030392A-1270-4695-906E-FC045D890DE1}.Debug|Any CPU.Build.0 = Debug|Any CPU
		{E030392A-1270-4695-906E-FC045D890DE1}.Release|Any CPU.ActiveCfg = Release|Any CPU
		{E030392A-1270-4695-906E-FC045D890DE1}.Release|Any CPU.Build.0 = Release|Any CPU
		{8A68B2FF-533B-4ECC-A7A9-0BE1309ACC77}.Debug|Any CPU.ActiveCfg = Debug|Any CPU
		{8A68B2FF-533B-4ECC-A7A9-0BE1309ACC77}.Debug|Any CPU.Build.0 = Debug|Any CPU
		{8A68B2FF-533B-4ECC-A7A9-0BE1309ACC77}.Release|Any CPU.ActiveCfg = Release|Any CPU
		{8A68B2FF-533B-4ECC-A7A9-0BE1309ACC77}.Release|Any CPU.Build.0 = Release|Any CPU
	EndGlobalSection
	GlobalSection(SolutionProperties) = preSolution
		HideSolutionNode = FALSE
	EndGlobalSection
	GlobalSection(ExtensibilityGlobals) = postSolution
		SolutionGuid = {18A12A45-337B-4CE8-98EE-B45E92566049}
	EndGlobalSection
EndGlobal
